
Microsoft Visual Studio Solution File, Format Version 12.00
# Visual Studio Version 17
VisualStudioVersion = 17.11.35208.52
MinimumVisualStudioVersion = 10.0.40219.1
Project("{FAE04EC0-301F-11D3-BF4B-00C04F79EFBC}") = "MovieApp", "MovieApp.csproj", "{BE3694F8-E451-4E36-A060-00E4853A2AD4}"
EndProject
Global
	GlobalSection(SolutionConfigurationPlatforms) = preSolution
		Debug|Any CPU = Debug|Any CPU
		Release|Any CPU = Release|Any CPU
	EndGlobalSection
	GlobalSection(ProjectConfigurationPlatforms) = postSolution
		{BE3694F8-E451-4E36-A060-00E4853A2AD4}.Debug|Any CPU.ActiveCfg = Debug|Any CPU
		{BE3694F8-E451-4E36-A060-00E4853A2AD4}.Debug|Any CPU.Build.0 = Debug|Any CPU
		{BE3694F8-E451-4E36-A060-00E4853A2AD4}.Release|Any CPU.ActiveCfg = Release|Any CPU
		{BE3694F8-E451-4E36-A060-00E4853A2AD4}.Release|Any CPU.Build.0 = Release|Any CPU
	EndGlobalSection
	GlobalSection(SolutionProperties) = preSolution
		HideSolutionNode = FALSE
	EndGlobalSection
	GlobalSection(ExtensibilityGlobals) = postSolution
		SolutionGuid = {0773E153-34F9-412E-985D-21F7232FB70F}
	EndGlobalSection
EndGlobal
